
Microsoft Visual Studio Solution File, Format Version 12.00
# Visual Studio Version 16
VisualStudioVersion = 16.0.29905.134
MinimumVisualStudioVersion = 10.0.40219.1
Project("{FAE04EC0-301F-11D3-BF4B-00C04F79EFBC}") = "IntegerAbsoluteDifferenceCSharp", "IntegerAbsoluteDifferenceCSharp\IntegerAbsoluteDifferenceCSharp.csproj", "{E94E6E1C-460E-4ECB-9735-CCE2A4ABFD2E}"
EndProject
Global
	GlobalSection(SolutionConfigurationPlatforms) = preSolution
		Debug|Any CPU = Debug|Any CPU
		Release|Any CPU = Release|Any CPU
	EndGlobalSection
	GlobalSection(ProjectConfigurationPlatforms) = postSolution
		{E94E6E1C-460E-4ECB-9735-CCE2A4ABFD2E}.Debug|Any CPU.ActiveCfg = Debug|Any CPU
		{E94E6E1C-460E-4ECB-9735-CCE2A4ABFD2E}.Debug|Any CPU.Build.0 = Debug|Any CPU
		{E94E6E1C-460E-4ECB-9735-CCE2A4ABFD2E}.Release|Any CPU.ActiveCfg = Release|Any CPU
		{E94E6E1C-460E-4ECB-9735-CCE2A4ABFD2E}.Release|Any CPU.Build.0 = Release|Any CPU
	EndGlobalSection
	GlobalSection(SolutionProperties) = preSolution
		HideSolutionNode = FALSE
	EndGlobalSection
	GlobalSection(ExtensibilityGlobals) = postSolution
		SolutionGuid = {DD979A81-D108-46CF-B5DA-01D716E158CF}
	EndGlobalSection
EndGlobal
